
Microsoft Visual Studio Solution File, Format Version 12.00
# Visual Studio 15
VisualStudioVersion = 15.0.28010.2026
MinimumVisualStudioVersion = 10.0.40219.1
Project("{FAE04EC0-301F-11D3-BF4B-00C04F79EFBC}") = "SampleProject-SimpleTwitter", "SampleProject-SimpleTwitter\SampleProject-SimpleTwitter.csproj", "{B1E7856C-23EE-41DE-B296-2B8B38700CD6}"
EndProject
Project("{FAE04EC0-301F-11D3-BF4B-00C04F79EFBC}") = "SampleProject-SimpleTwitter.Tests", "SampleProject-SimpleTwitter.Tests\SampleProject-SimpleTwitter.Tests.csproj", "{859C41E5-66F8-4117-A35B-916356BBDD01}"
EndProject
Global
	GlobalSection(SolutionConfigurationPlatforms) = preSolution
		Debug|Any CPU = Debug|Any CPU
		Release|Any CPU = Release|Any CPU
	EndGlobalSection
	GlobalSection(ProjectConfigurationPlatforms) = postSolution
		{B1E7856C-23EE-41DE-B296-2B8B38700CD6}.Debug|Any CPU.ActiveCfg = Debug|Any CPU
		{B1E7856C-23EE-41DE-B296-2B8B38700CD6}.Debug|Any CPU.Build.0 = Debug|Any CPU
		{B1E7856C-23EE-41DE-B296-2B8B38700CD6}.Release|Any CPU.ActiveCfg = Release|Any CPU
		{B1E7856C-23EE-41DE-B296-2B8B38700CD6}.Release|Any CPU.Build.0 = Release|Any CPU
		{859C41E5-66F8-4117-A35B-916356BBDD01}.Debug|Any CPU.ActiveCfg = Debug|Any CPU
		{859C41E5-66F8-4117-A35B-916356BBDD01}.Debug|Any CPU.Build.0 = Debug|Any CPU
		{859C41E5-66F8-4117-A35B-916356BBDD01}.Release|Any CPU.ActiveCfg = Release|Any CPU
		{859C41E5-66F8-4117-A35B-916356BBDD01}.Release|Any CPU.Build.0 = Release|Any CPU
	EndGlobalSection
	GlobalSection(SolutionProperties) = preSolution
		HideSolutionNode = FALSE
	EndGlobalSection
	GlobalSection(ExtensibilityGlobals) = postSolution
		SolutionGuid = {00607A47-F985-47CA-A130-27EBCC9FA4F4}
	EndGlobalSection
EndGlobal
